
Microsoft Visual Studio Solution File, Format Version 12.00
# Visual Studio Version 16
VisualStudioVersion = 16.0.31205.134
MinimumVisualStudioVersion = 10.0.40219.1
Project("{FAE04EC0-301F-11D3-BF4B-00C04F79EFBC}") = "WinFormsApp4", "WinFormsApp4\WinFormsApp4.csproj", "{0A060E45-EBEC-4510-A12D-5980ED3AF92B}"
EndProject
Global
	GlobalSection(SolutionConfigurationPlatforms) = preSolution
		Debug|Any CPU = Debug|Any CPU
		Release|Any CPU = Release|Any CPU
	EndGlobalSection
	GlobalSection(ProjectConfigurationPlatforms) = postSolution
		{0A060E45-EBEC-4510-A12D-5980ED3AF92B}.Debug|Any CPU.ActiveCfg = Debug|Any CPU
		{0A060E45-EBEC-4510-A12D-5980ED3AF92B}.Debug|Any CPU.Build.0 = Debug|Any CPU
		{0A060E45-EBEC-4510-A12D-5980ED3AF92B}.Release|Any CPU.ActiveCfg = Release|Any CPU
		{0A060E45-EBEC-4510-A12D-5980ED3AF92B}.Release|Any CPU.Build.0 = Release|Any CPU
	EndGlobalSection
	GlobalSection(SolutionProperties) = preSolution
		HideSolutionNode = FALSE
	EndGlobalSection
	GlobalSection(ExtensibilityGlobals) = postSolution
		SolutionGuid = {86949037-7024-4F15-B9BF-80D15478AA8A}
	EndGlobalSection
EndGlobal
